# This file is autogenerated, do not edit; changes may be undone by the next 'dep ensure'.


[[projects]]
  digest = "1:ccb8c26f800a945db785ea225e3ec4eddb1cbf808ddc425ec6c5a2aedd5eb69b"
  name = "cloud.google.com/go"
  packages = [
    "compute/metadata",
    "firestore",
    "firestore/apiv1beta1",
    "iam",
    "internal",
    "internal/atomiccache",
    "internal/btree",
    "internal/fields",
    "internal/optional",
    "internal/trace",
    "internal/version",
    "storage",
  ]
  pruneopts = "UT"
  revision = "dfffe386c33fb24c34ee501e5723df5b97b98514"
  version = "v0.30.0"

[[projects]]
  digest = "1:883f94ba0f0ab4ebf643a538842b9d444d5c6a52adabaceec9ed5828682eb377"
  name = "firebase.google.com/go"
  packages = [
    ".",
    "auth",
    "db",
    "iid",
    "internal",
    "messaging",
    "storage",
  ]
  pruneopts = "UT"
  revision = "a291d339beb944a2f216732bb910e800291bc371"
  version = "v3.4.0"

[[projects]]
  digest = "1:3ca2109e48660e527509b433c4efb5b910e5b9010d5149a6f44137d47b7970ca"
  name = "github.com/Masterminds/squirrel"
  packages = ["."]
  pruneopts = "UT"
  revision = "a6b93000bd219143c56c16e6cb1c4b91da3f224b"
  version = "v1.0"

[[projects]]
  digest = "1:ffe9824d294da03b391f44e1ae8281281b4afc1bdaa9588c9097785e3af10cec"
  name = "github.com/davecgh/go-spew"
  packages = ["spew"]
  pruneopts = "UT"
  revision = "8991bc29aa16c548c550c7ff78260e27b9ab7c73"
  version = "v1.1.1"

[[projects]]
  digest = "1:b9914f85d95a0968bafd1be1908ba29e2eafafd88d6fd13696be42bf5368c380"
  name = "github.com/go-chi/chi"
  packages = ["."]
  pruneopts = "UT"
  revision = "b5294d10673813fac8558e7f47242bc9e61b4c25"
  version = "v3.3.3"

[[projects]]
  digest = "1:e1ff887e232b2d8f4f7c7db15a5fac7be418025afc4dda53c59c765dbb5aa6b4"
  name = "github.com/go-playground/locales"
  packages = [
    ".",
    "currency",
  ]
  pruneopts = "UT"
  revision = "f63010822830b6fe52288ee52d5a1151088ce039"
  version = "v0.12.1"

[[projects]]
  digest = "1:e022cf244bcac1b6ef933f1a2e0adcf6a6dfd7b872d8d41e4d4179bb09a87cbc"
  name = "github.com/go-playground/universal-translator"
  packages = ["."]
  pruneopts = "UT"
  revision = "b32fa301c9fe55953584134cb6853a13c87ec0a1"
  version = "v0.16.0"

[[projects]]
  digest = "1:adea5a94903eb4384abef30f3d878dc9ff6b6b5b0722da25b82e5169216dfb61"
  name = "github.com/go-sql-driver/mysql"
  packages = ["."]
  pruneopts = "UT"
  revision = "d523deb1b23d913de5bdada721a6071e71283618"
  version = "v1.4.0"

[[projects]]
  digest = "1:72856926f8208767b837bf51e3373f49139f61889b67dc7fd3c2a0fd711e3f7a"
  name = "github.com/golang/protobuf"
  packages = [
    "proto",
    "protoc-gen-go/descriptor",
    "ptypes",
    "ptypes/any",
    "ptypes/duration",
    "ptypes/empty",
    "ptypes/struct",
    "ptypes/timestamp",
    "ptypes/wrappers",
  ]
  pruneopts = "UT"
  revision = "aa810b61a9c79d51363740d207bb46cf8e620ed5"
  version = "v1.2.0"

[[projects]]
  digest = "1:e145e9710a10bc114a6d3e2738aadf8de146adaa031854ffdf7bbfe15da85e63"
  name = "github.com/googleapis/gax-go"
  packages = ["."]
  pruneopts = "UT"
  revision = "317e0006254c44a0ac427cc52a0e083ff0b9622f"
  version = "v2.0.0"

[[projects]]
  branch = "master"
  digest = "1:a7fc52742a5d011497b6a24024c857d260f809083424cd84110c9e40c34f64fc"
  name = "github.com/lann/builder"
  packages = ["."]
  pruneopts = "UT"
  revision = "47ae307949d02aa1f1069fdafc00ca08e1dbabac"

[[projects]]
  branch = "master"
  digest = "1:225499d25a9f1486f3b77cdc4f7d6590c506c3839bb9d8497113f6d19676d54a"
  name = "github.com/lann/ps"
  packages = ["."]
  pruneopts = "UT"
  revision = "62de8c46ede02a7675c4c79c84883eb164cb71e3"

[[projects]]
  branch = "master"
  digest = "1:a79dc80dd3154f4fe8d924d19d48d63c22f25fa9e66da497d9ebb037805d7eb1"
  name = "github.com/unrolled/render"
  packages = ["."]
  pruneopts = "UT"
  revision = "b9786414de4d903830df7ac38eea68a0e3267a35"

[[projects]]
  digest = "1:e583fc00497ee3eaf30bde9edf05601f60d5a8668f7fe4c657b3f935ddca03f7"
  name = "go.mercari.io/datastore"
  packages = [
    ".",
    "aedatastore",
    "boom",
    "internal",
    "internal/c/atomiccache",
    "internal/c/fields",
    "internal/shared",
  ]
  pruneopts = "UT"
  revision = "7a323a3747d39b6c9cdf825697d09cb36907d4cb"
  version = "v1.3.0"

[[projects]]
  digest = "1:381ccafa5e013a0e3f9b54604ae522a73b9533a375a6a714b483c634d5e927ab"
  name = "go.opencensus.io"
  packages = [
    ".",
    "exemplar",
    "internal",
    "internal/tagencoding",
    "plugin/ocgrpc",
    "plugin/ochttp",
    "plugin/ochttp/propagation/b3",
    "stats",
    "stats/internal",
    "stats/view",
    "tag",
    "trace",
    "trace/internal",
    "trace/propagation",
    "trace/tracestate",
  ]
  pruneopts = "UT"
  revision = "b7bf3cdb64150a8c8c53b769fdeb2ba581bd4d4b"
  version = "v0.18.0"

[[projects]]
  branch = "master"
  digest = "1:1ae047ded1ddcbe0eca8b0772e3ff2c10e354db4c42c65b96d0386883e63904d"
  name = "golang.org/x/net"
  packages = [
    "context",
    "context/ctxhttp",
    "http/httpguts",
    "http2",
    "http2/hpack",
    "idna",
    "internal/timeseries",
    "trace",
  ]
  pruneopts = "UT"
  revision = "04a2e542c03f1d053ab3e4d6e5abcd4b66e2be8e"

[[projects]]
  branch = "master"
  digest = "1:faa25cb78cf9c8cec9345d4ed07322cdef6a8c968b3d0a6b6c3609067c7386eb"
  name = "golang.org/x/oauth2"
  packages = [
    ".",
    "google",
    "internal",
    "jws",
    "jwt",
  ]
  pruneopts = "UT"
  revision = "9dcd33a902f40452422c2367fefcb95b54f9f8f8"

[[projects]]
  branch = "master"
  digest = "1:c5791551cb1ebd8cd399edad5bc32805661a5c0340515110dd7d5ab0b0508efc"
  name = "golang.org/x/sys"
  packages = ["unix"]
  pruneopts = "UT"
  revision = "8a28ead16f52c8aaeffbf79239b251dfdf6c4f96"

[[projects]]
  digest = "1:df8ea9d0bfb9d8caec6f3890804c12b7c2f35a71e25ce8f6076d86ba636b1c46"
  name = "golang.org/x/text"
  packages = [
    "collate",
    "collate/build",
    "encoding",
    "encoding/internal",
    "encoding/internal/identifier",
    "encoding/japanese",
    "internal/colltab",
    "internal/gen",
    "internal/tag",
    "internal/triegen",
    "internal/ucd",
    "language",
    "secure/bidirule",
    "transform",
    "unicode/bidi",
    "unicode/cldr",
    "unicode/norm",
    "unicode/rangetable",
  ]
  pruneopts = "UT"
  revision = "f21a4dfb5e38f5895301dc265a8def02365cc3d0"
  version = "v0.3.0"

[[projects]]
  branch = "master"
  digest = "1:5fe82eeaf3105c90e9cda8fb5f8d5b71f13a471bce4fa67873884f21e8eb9569"
  name = "google.golang.org/api"
  packages = [
    "gensupport",
    "googleapi",
    "googleapi/internal/uritemplates",
    "googleapi/transport",
    "identitytoolkit/v3",
    "internal",
    "iterator",
    "option",
    "storage/v1",
    "transport",
    "transport/grpc",
    "transport/http",
    "transport/http/internal/propagation",
  ]
  pruneopts = "UT"
  revision = "a2651947f503a1793446d4058bb073a6fdf99e53"

[[projects]]
  digest = "1:494ae30b75126072c0b4c1b8ad2dca27c0bf1accbaf3c40f63a158f880fb728e"
  name = "google.golang.org/appengine"
  packages = [
    ".",
    "cloudsql",
    "datastore",
    "internal",
    "internal/app_identity",
    "internal/base",
    "internal/datastore",
    "internal/log",
    "internal/modules",
    "internal/remote_api",
    "internal/socket",
    "internal/urlfetch",
    "socket",
    "urlfetch",
  ]
  pruneopts = "UT"
  revision = "ae0ab99deb4dc413a2b4bd6c8bdd0eb67f1e4d06"
  version = "v1.2.0"

[[projects]]
  branch = "master"
  digest = "1:fe87e5a5a412863c011fe308d8a43c6c6e506d4ddefd09efd52d431be6ddbffd"
  name = "google.golang.org/genproto"
  packages = [
    "googleapis/api/annotations",
    "googleapis/firestore/v1beta1",
    "googleapis/iam/v1",
    "googleapis/rpc/code",
    "googleapis/rpc/status",
    "googleapis/type/latlng",
  ]
  pruneopts = "UT"
  revision = "94acd270e44e65579b9ee3cdab25034d33fed608"

[[projects]]
  digest = "1:4ad047d772a7d4841687df9534a767a9e243885ed6d7d2ced6af5995a5dc44b3"
  name = "google.golang.org/grpc"
  packages = [
    ".",
    "balancer",
    "balancer/base",
    "balancer/roundrobin",
    "codes",
    "connectivity",
    "credentials",
    "credentials/oauth",
    "encoding",
    "encoding/proto",
    "grpclog",
    "internal",
    "internal/backoff",
    "internal/channelz",
    "internal/envconfig",
    "internal/grpcrand",
    "internal/transport",
    "keepalive",
    "metadata",
    "naming",
    "peer",
    "resolver",
    "resolver/dns",
    "resolver/passthrough",
    "stats",
    "status",
    "tap",
  ]
  pruneopts = "UT"
  revision = "8dea3dc473e90c8179e519d91302d0597c0ca1d1"
  version = "v1.15.0"

[[projects]]
  digest = "1:e2f64cca6e235f32cd4c2f9be9ae0cda1f8608fc6fdb68936e8d10e4e0bb074d"
  name = "gopkg.in/go-playground/validator.v9"
  packages = ["."]
  pruneopts = "UT"
  revision = "e69e9a28bb62b977fdc58d051f1bb477b7cbe486"
  version = "v9.21.0"

[solve-meta]
  analyzer-name = "dep"
  analyzer-version = 1
  input-imports = [
    "firebase.google.com/go",
    "firebase.google.com/go/auth",
    "github.com/Masterminds/squirrel",
    "github.com/davecgh/go-spew/spew",
    "github.com/go-chi/chi",
    "github.com/go-sql-driver/mysql",
    "github.com/unrolled/render",
    "go.mercari.io/datastore/aedatastore",
    "go.mercari.io/datastore/boom",
    "golang.org/x/text/encoding/japanese",
    "golang.org/x/text/transform",
    "google.golang.org/appengine",
    "google.golang.org/appengine/datastore",
    "gopkg.in/go-playground/validator.v9",
  ]
  solver-name = "gps-cdcl"
  solver-version = 1
